
Microsoft Visual Studio Solution File, Format Version 12.00
# Visual Studio Version 17
VisualStudioVersion = 17.9.34728.123
MinimumVisualStudioVersion = 10.0.40219.1
Project("{9A19103F-16F7-4668-BE54-9A1E7A4F7556}") = "DevoraLimeArena", "DevoraLimeArena\DevoraLimeArena.csproj", "{240A2BA9-0B20-4BD7-8739-E7095620EEC9}"
EndProject
Project("{9A19103F-16F7-4668-BE54-9A1E7A4F7556}") = "ArenaTests", "ArenaTests\ArenaTests.csproj", "{69113CA9-8A53-48FE-B19C-7D4E93BEA875}"
EndProject
Global
	GlobalSection(SolutionConfigurationPlatforms) = preSolution
		Debug|Any CPU = Debug|Any CPU
		Release|Any CPU = Release|Any CPU
	EndGlobalSection
	GlobalSection(ProjectConfigurationPlatforms) = postSolution
		{240A2BA9-0B20-4BD7-8739-E7095620EEC9}.Debug|Any CPU.ActiveCfg = Debug|Any CPU
		{240A2BA9-0B20-4BD7-8739-E7095620EEC9}.Debug|Any CPU.Build.0 = Debug|Any CPU
		{240A2BA9-0B20-4BD7-8739-E7095620EEC9}.Release|Any CPU.ActiveCfg = Release|Any CPU
		{240A2BA9-0B20-4BD7-8739-E7095620EEC9}.Release|Any CPU.Build.0 = Release|Any CPU
		{69113CA9-8A53-48FE-B19C-7D4E93BEA875}.Debug|Any CPU.ActiveCfg = Debug|Any CPU
		{69113CA9-8A53-48FE-B19C-7D4E93BEA875}.Debug|Any CPU.Build.0 = Debug|Any CPU
		{69113CA9-8A53-48FE-B19C-7D4E93BEA875}.Release|Any CPU.ActiveCfg = Release|Any CPU
		{69113CA9-8A53-48FE-B19C-7D4E93BEA875}.Release|Any CPU.Build.0 = Release|Any CPU
	EndGlobalSection
	GlobalSection(SolutionProperties) = preSolution
		HideSolutionNode = FALSE
	EndGlobalSection
	GlobalSection(ExtensibilityGlobals) = postSolution
		SolutionGuid = {41F7F407-9ECC-4870-8A98-E5A9EB08E66B}
	EndGlobalSection
EndGlobal
